
Microsoft Visual Studio Solution File, Format Version 12.00
# Visual Studio 2015
Project("{FAE04EC0-301F-11D3-BF4B-00C04F79EFBC}") = "Navi.CSharp.Plugins", "Navi.CSharp.Plugins.csproj", "{92D27BB8-EA50-B979-E331-A9CC1C81B65F}"
EndProject
Project("{FAE04EC0-301F-11D3-BF4B-00C04F79EFBC}") = "Navi.CSharp", "Navi.CSharp.csproj", "{1DE8FBD8-62C6-CDFA-6587-0760DE4F270A}"
EndProject
Project("{FAE04EC0-301F-11D3-BF4B-00C04F79EFBC}") = "Navi.CSharp.Editor.Plugins", "Navi.CSharp.Editor.Plugins.csproj", "{CA1DF8B7-7911-A692-ED2C-53FC93E4E128}"
EndProject
Global
	GlobalSection(SolutionConfigurationPlatforms) = preSolution
		Debug|Any CPU = Debug|Any CPU
		Release|Any CPU = Release|Any CPU
	EndGlobalSection
	GlobalSection(ProjectConfigurationPlatforms) = postSolution
		{92D27BB8-EA50-B979-E331-A9CC1C81B65F}.Debug|Any CPU.ActiveCfg = Debug|Any CPU
		{92D27BB8-EA50-B979-E331-A9CC1C81B65F}.Debug|Any CPU.Build.0 = Debug|Any CPU
		{92D27BB8-EA50-B979-E331-A9CC1C81B65F}.Release|Any CPU.ActiveCfg = Release|Any CPU
		{92D27BB8-EA50-B979-E331-A9CC1C81B65F}.Release|Any CPU.Build.0 = Release|Any CPU
		{1DE8FBD8-62C6-CDFA-6587-0760DE4F270A}.Debug|Any CPU.ActiveCfg = Debug|Any CPU
		{1DE8FBD8-62C6-CDFA-6587-0760DE4F270A}.Debug|Any CPU.Build.0 = Debug|Any CPU
		{1DE8FBD8-62C6-CDFA-6587-0760DE4F270A}.Release|Any CPU.ActiveCfg = Release|Any CPU
		{1DE8FBD8-62C6-CDFA-6587-0760DE4F270A}.Release|Any CPU.Build.0 = Release|Any CPU
		{CA1DF8B7-7911-A692-ED2C-53FC93E4E128}.Debug|Any CPU.ActiveCfg = Debug|Any CPU
		{CA1DF8B7-7911-A692-ED2C-53FC93E4E128}.Debug|Any CPU.Build.0 = Debug|Any CPU
		{CA1DF8B7-7911-A692-ED2C-53FC93E4E128}.Release|Any CPU.ActiveCfg = Release|Any CPU
		{CA1DF8B7-7911-A692-ED2C-53FC93E4E128}.Release|Any CPU.Build.0 = Release|Any CPU
	EndGlobalSection
	GlobalSection(SolutionProperties) = preSolution
		HideSolutionNode = FALSE
	EndGlobalSection
EndGlobal
